
Microsoft Visual Studio Solution File, Format Version 12.00
# Visual Studio Version 16
VisualStudioVersion = 16.0.29306.81
MinimumVisualStudioVersion = 10.0.40219.1
Project("{FAE04EC0-301F-11D3-BF4B-00C04F79EFBC}") = "PackageCompactor", "PackageCompactor\PackageCompactor.csproj", "{C97B4ABD-C8AE-4F30-8525-7E05E2C5AB54}"
EndProject
Global
	GlobalSection(SolutionConfigurationPlatforms) = preSolution
		Debug|x64 = Debug|x64
		Release|x64 = Release|x64
	EndGlobalSection
	GlobalSection(ProjectConfigurationPlatforms) = postSolution
		{C97B4ABD-C8AE-4F30-8525-7E05E2C5AB54}.Debug|x64.ActiveCfg = Debug|x64
		{C97B4ABD-C8AE-4F30-8525-7E05E2C5AB54}.Debug|x64.Build.0 = Debug|x64
		{C97B4ABD-C8AE-4F30-8525-7E05E2C5AB54}.Release|x64.ActiveCfg = Release|x64
		{C97B4ABD-C8AE-4F30-8525-7E05E2C5AB54}.Release|x64.Build.0 = Release|x64
	EndGlobalSection
	GlobalSection(SolutionProperties) = preSolution
		HideSolutionNode = FALSE
	EndGlobalSection
	GlobalSection(ExtensibilityGlobals) = postSolution
		SolutionGuid = {EC76AE20-B21D-481D-A61B-D6DC47C76A11}
	EndGlobalSection
EndGlobal
